
Microsoft Visual Studio Solution File, Format Version 12.00
# Visual Studio 15
VisualStudioVersion = 15.0.27428.2027
MinimumVisualStudioVersion = 10.0.40219.1
Project("{2150E333-8FDC-42A3-9474-1A3956D46DE8}") = "Section1", "Section1", "{8837E99C-CE37-4B52-A4AE-709F96BEE638}"
EndProject
Project("{FAE04EC0-301F-11D3-BF4B-00C04F79EFBC}") = "Section1.HelloWorld", "HelloWorld\Section1.HelloWorld.csproj", "{73FA6FE3-8379-458F-BDEA-2ED56B33AE6F}"
EndProject
Project("{FAE04EC0-301F-11D3-BF4B-00C04F79EFBC}") = "Section1.ToDoList", "ToDoList\Section1.ToDoList.csproj", "{5F932DA4-A2BA-4915-BCB7-BB6BA2A03544}"
EndProject
Project("{2150E333-8FDC-42A3-9474-1A3956D46DE8}") = "Section2", "Section2", "{430BF466-B6EC-4631-BB7B-852891A4142A}"
EndProject
Project("{FAE04EC0-301F-11D3-BF4B-00C04F79EFBC}") = "Section2.Variables", "Section2.Variables\Section2.Variables.csproj", "{30287CDD-57E3-4728-B76B-E062362BF355}"
EndProject
Project("{FAE04EC0-301F-11D3-BF4B-00C04F79EFBC}") = "Section2.Methods", "Section2.Methods\Section2.Methods.csproj", "{B4B832F8-275F-44C5-BDA6-2CB1CDED2F8D}"
EndProject
Project("{FAE04EC0-301F-11D3-BF4B-00C04F79EFBC}") = "Section2.SelectionStatement", "Section2.SelectionStatement\Section2.SelectionStatement.csproj", "{684CB780-43FF-40B9-A680-E74DA3C73FAE}"
EndProject
Project("{FAE04EC0-301F-11D3-BF4B-00C04F79EFBC}") = "Section2.Operators", "Section2.Operators\Section2.Operators.csproj", "{1550D5B2-7D5F-46AF-84BE-99193C9926D5}"
EndProject
Project("{2150E333-8FDC-42A3-9474-1A3956D46DE8}") = "Section3", "Section3", "{196BF91D-0F86-417B-8BBF-E46159D3F230}"
EndProject
Project("{FAE04EC0-301F-11D3-BF4B-00C04F79EFBC}") = "Section3.IterationStatement", "Section3.IterationStatement\Section3.IterationStatement.csproj", "{85D333FD-A7C9-448E-93FD-E5177D46870E}"
EndProject
Project("{2150E333-8FDC-42A3-9474-1A3956D46DE8}") = "Section4", "Section4", "{B3B97C0E-DEB3-44A3-99BD-93DA86DE28A2}"
EndProject
Project("{FAE04EC0-301F-11D3-BF4B-00C04F79EFBC}") = "Section4.Classes", "Section3.Classes\Section4.Classes.csproj", "{9543D4EB-9447-4CEF-8822-BB1B68DF0C10}"
EndProject
Project("{FAE04EC0-301F-11D3-BF4B-00C04F79EFBC}") = "Section4.InterfacesAndNamespaces", "Section4.InterfacesAndNamespaces\Section4.InterfacesAndNamespaces.csproj", "{FE102F4F-F027-4B19-A00E-365345FC6ED9}"
EndProject
Project("{2150E333-8FDC-42A3-9474-1A3956D46DE8}") = "Section5", "Section5", "{174B1DEF-C812-4367-AC88-B49CDC973D30}"
EndProject
Project("{FAE04EC0-301F-11D3-BF4B-00C04F79EFBC}") = "Section5.Arrays", "Section5.Arrays\Section5.Arrays.csproj", "{D985DAA2-0314-41F2-B5FC-842471F24BCF}"
EndProject
Project("{2150E333-8FDC-42A3-9474-1A3956D46DE8}") = "Section6", "Section6", "{2F4E767E-902E-4F85-AB24-0F55003613AC}"
EndProject
Project("{FAE04EC0-301F-11D3-BF4B-00C04F79EFBC}") = "Section6.Delegates", "Section6.Delegates\Section6.Delegates.csproj", "{F3FA2602-897C-4FE4-9FAF-8553CD6C4E52}"
EndProject
Project("{2150E333-8FDC-42A3-9474-1A3956D46DE8}") = "Section7", "Section7", "{637779AE-F8B2-4632-9F8A-0455557955C4}"
EndProject
Project("{FAE04EC0-301F-11D3-BF4B-00C04F79EFBC}") = "Section7.AccessModifires.Public", "Section7.AccessModifires\Section7.AccessModifires.Public.csproj", "{0D6A34D0-7834-4F4E-8A17-6B7230491425}"
EndProject
Project("{2150E333-8FDC-42A3-9474-1A3956D46DE8}") = "Section8", "Section8", "{F6F55AFA-4DE1-4A34-BA9F-60C834F9BAB7}"
EndProject
Project("{FAE04EC0-301F-11D3-BF4B-00C04F79EFBC}") = "Section8.DatatypesAndScope.IntType", "Section8.DatatypesAndScope\Section8.DatatypesAndScope.IntType.csproj", "{FD5F3C8E-32C6-4E63-8A46-8A6A483EC8E4}"
EndProject
Project("{2150E333-8FDC-42A3-9474-1A3956D46DE8}") = "Section9", "Section9", "{B578A3EB-4869-4E9C-8FEC-D975DA8FBA47}"
EndProject
Project("{FAE04EC0-301F-11D3-BF4B-00C04F79EFBC}") = "Section9.Generics.Intro", "Section9.Generics\Section9.Generics.Intro.csproj", "{EE2DB22B-E6C5-4A1B-B206-172B969F6B87}"
EndProject
Project("{2150E333-8FDC-42A3-9474-1A3956D46DE8}") = "Section10", "Section10", "{ADB7A1A7-C367-4821-B947-D969ADEB6C1D}"
EndProject
Project("{FAE04EC0-301F-11D3-BF4B-00C04F79EFBC}") = "Section10.Collections.ListCollection", "Section10.Generics\Section10.Collections.ListCollection.csproj", "{F8FDA579-ED21-49AB-A459-438F9B06EE06}"
EndProject
Project("{2150E333-8FDC-42A3-9474-1A3956D46DE8}") = "Section11", "Section11", "{D49379E7-C397-4C51-A329-F97B81FE2879}"
EndProject
Project("{FAE04EC0-301F-11D3-BF4B-00C04F79EFBC}") = "Section11.StaticsAndConstants.StaticData", "Section11.StaticsAndConstants\Section11.StaticsAndConstants.StaticData.csproj", "{37686204-EE48-4148-BB9A-EB61F9D46D2E}"
EndProject
Project("{2150E333-8FDC-42A3-9474-1A3956D46DE8}") = "Section12", "Section12", "{F7FF6CAE-FE62-43EF-858D-C87E003505E5}"
EndProject
Project("{FAE04EC0-301F-11D3-BF4B-00C04F79EFBC}") = "Section12.Polymorphyism.Overloading", "Section12.Polymorphyism\Section12.Polymorphyism.Overloading.csproj", "{FC497C05-8925-4CE6-A7C9-F0BEB779A242}"
EndProject
Project("{2150E333-8FDC-42A3-9474-1A3956D46DE8}") = "Section13", "Section13", "{67E99CC7-8C77-4071-927A-0762B4D3C0A8}"
EndProject
Project("{FAE04EC0-301F-11D3-BF4B-00C04F79EFBC}") = "Section13.Nullables", "Section13.Nullables\Section13.Nullables.csproj", "{3BFD6A7D-C7D6-4B02-9441-4098D837EE33}"
EndProject
Project("{2150E333-8FDC-42A3-9474-1A3956D46DE8}") = "Section14", "Section14", "{61F7A1A2-E52D-4048-A602-8A32EB9021B2}"
EndProject
Project("{FAE04EC0-301F-11D3-BF4B-00C04F79EFBC}") = "Section14.ErrorHandling.TryCatch", "Section14.ErrorHandling\Section14.ErrorHandling.TryCatch.csproj", "{14BA5AA0-13AC-4A3D-A79E-C8355D914DA1}"
EndProject
Project("{2150E333-8FDC-42A3-9474-1A3956D46DE8}") = "Section15", "Section15", "{89061580-97F0-46E5-BBB1-041E84702770}"
EndProject
Project("{FAE04EC0-301F-11D3-BF4B-00C04F79EFBC}") = "Section15.HandlingIO.WritingFile", "Section15.HandlingIO\Section15.HandlingIO.WritingFile.csproj", "{DBA65A99-2C6E-4095-ACBF-A7676AAE57AB}"
EndProject
Project("{FAE04EC0-301F-11D3-BF4B-00C04F79EFBC}") = "MultiDimensionalArray", "MultiDiemeinsionalArray\MultiDimensionalArray.csproj", "{20B5E705-5DD7-44C9-938A-42830F877247}"
EndProject
Project("{FAE04EC0-301F-11D3-BF4B-00C04F79EFBC}") = "Section7.AccessModifires.Private", "Section7.AccessModifires.Private\Section7.AccessModifires.Private.csproj", "{50007210-B116-4E0C-A766-26D6436F429F}"
EndProject
Project("{FAE04EC0-301F-11D3-BF4B-00C04F79EFBC}") = "Section7.AccessModifires.Protected", "Section7.AccessModifires.Protected\Section7.AccessModifires.Protected.csproj", "{9D5E79F1-E96D-431F-B999-3C9B22A3693B}"
EndProject
Project("{FAE04EC0-301F-11D3-BF4B-00C04F79EFBC}") = "Section8.DatatypesAndScope.FloatType", "Section8.DatatypesAndScope.FloatType\Section8.DatatypesAndScope.FloatType.csproj", "{AF7B1083-6CCE-4155-90CE-E5B3227FD1CA}"
EndProject
Project("{FAE04EC0-301F-11D3-BF4B-00C04F79EFBC}") = "Section8.DatatypesAndScope.DecimalType", "Section8.DatatypesAndScope.DecimalType\Section8.DatatypesAndScope.DecimalType.csproj", "{459C635C-1DD4-4C65-B116-8CB740269D97}"
EndProject
Project("{FAE04EC0-301F-11D3-BF4B-00C04F79EFBC}") = "Section8.DatatypesAndScope.DoubleType", "Section8.DatatypesAndScope.DoubleType\Section8.DatatypesAndScope.DoubleType.csproj", "{95EECABF-6727-4E97-BF20-A2B2C7A3F51B}"
EndProject
Project("{FAE04EC0-301F-11D3-BF4B-00C04F79EFBC}") = "Section8.DatatypesAndScope.ScopeConcept", "Section8.DatatypesAndScope.ScopeConcept\Section8.DatatypesAndScope.ScopeConcept.csproj", "{BE2EF58B-37DD-4731-A3D0-EEC1616B19DD}"
EndProject
Project("{FAE04EC0-301F-11D3-BF4B-00C04F79EFBC}") = "Section9.Generics.GenericClass", "Section9.Generics.GenericClass\Section9.Generics.GenericClass.csproj", "{4CEAE8E8-797A-4E33-9DD4-2DFF033AABC7}"
EndProject
Project("{FAE04EC0-301F-11D3-BF4B-00C04F79EFBC}") = "Section9.Generics.GenericInterface", "Section9.Generics.GenericInterface\Section9.Generics.GenericInterface.csproj", "{5B197664-3BA4-407F-8FF0-0A75994C6A15}"
EndProject
Project("{FAE04EC0-301F-11D3-BF4B-00C04F79EFBC}") = "Section10.Collections.DicitionaryCollection", "Section10.Collections.DicitionaryCollection\Section10.Collections.DicitionaryCollection.csproj", "{43257349-81B8-4F78-B9B0-51A0FB52973F}"
EndProject
Project("{FAE04EC0-301F-11D3-BF4B-00C04F79EFBC}") = "Section10.Collections.HashSetCollection", "Section10.Collections.HashSetCollection\Section10.Collections.HashSetCollection.csproj", "{A7CCD95B-02FE-48B8-8D43-557864F9D6E5}"
EndProject
Project("{FAE04EC0-301F-11D3-BF4B-00C04F79EFBC}") = "Section10.Collections.Iteration", "Section10.Collections.Iteration\Section10.Collections.Iteration.csproj", "{F02ED3C0-965D-4E86-AC6C-204D4D01599F}"
EndProject
Project("{FAE04EC0-301F-11D3-BF4B-00C04F79EFBC}") = "Section11.StaticsAndConstants.StaticMethod", "Section11.StaticsAndConstants.StaticMethod\Section11.StaticsAndConstants.StaticMethod.csproj", "{C6198CAF-F257-4CFD-8A13-D0C646284B25}"
EndProject
Project("{FAE04EC0-301F-11D3-BF4B-00C04F79EFBC}") = "Section11.StaticsAndConstants.StaticClass", "Section11.StaticsAndConstants.StaticClass\Section11.StaticsAndConstants.StaticClass.csproj", "{BA62A02C-249C-4A23-83FA-7F395A5F42FB}"
EndProject
Project("{FAE04EC0-301F-11D3-BF4B-00C04F79EFBC}") = "Section12.Polymorphyism.Overriding", "Section12.Polymorphyism.Overriding\Section12.Polymorphyism.Overriding.csproj", "{A2097D91-E68F-4650-A271-B5AA65D365CB}"
EndProject
Project("{FAE04EC0-301F-11D3-BF4B-00C04F79EFBC}") = "Section14.ErrorHandling.FinallyThrow", "Section14.ErrorHandling.FinallyThrow\Section14.ErrorHandling.FinallyThrow.csproj", "{DCBC2BCE-AD21-47FC-B707-24DEC3098ED0}"
EndProject
Project("{FAE04EC0-301F-11D3-BF4B-00C04F79EFBC}") = "Section15.HandlingIO.ReadingFile", "Section15.HandlingIO.ReadingFile\Section15.HandlingIO.ReadingFile.csproj", "{D80947EB-783A-42FE-8D8E-7B12D895E522}"
EndProject
Project("{FAE04EC0-301F-11D3-BF4B-00C04F79EFBC}") = "Section15.HandlingIO.WorkingWithDirectory", "Section15.HandlingIO.WorkingWithDirectory\Section15.HandlingIO.WorkingWithDirectory.csproj", "{2BAE8912-1B0D-4E0A-BA73-59DE896999E8}"
EndProject
Project("{2150E333-8FDC-42A3-9474-1A3956D46DE8}") = "Section18", "Section18", "{A217650D-524D-4F67-B4FC-660E57C5CB1B}"
EndProject
Project("{FAE04EC0-301F-11D3-BF4B-00C04F79EFBC}") = "Section18.SqlServer.ConnectingToSqlServer", "Section18.SqlServer.ConnectingToSqlServer\Section18.SqlServer.ConnectingToSqlServer.csproj", "{5DCE72B7-3229-4D95-B738-D0725EA0D583}"
EndProject
Project("{2150E333-8FDC-42A3-9474-1A3956D46DE8}") = "Section19", "Section19", "{E4FF18E5-D600-4176-99B6-015AC48C7B77}"
EndProject
Project("{FAE04EC0-301F-11D3-BF4B-00C04F79EFBC}") = "Section19.VS.Debugging", "Section19.VS.Debugging\Section19.VS.Debugging.csproj", "{7A863BD0-4453-44C7-847F-232E54919686}"
EndProject
Project("{2150E333-8FDC-42A3-9474-1A3956D46DE8}") = "Section20", "Section20", "{8A397D8D-C930-4381-99F8-778E7A8E2101}"
EndProject
Project("{FAE04EC0-301F-11D3-BF4B-00C04F79EFBC}") = "Section20.AspNetSite", "Section20.AspNetSite\Section20.AspNetSite.csproj", "{55CEAF54-8C75-4AE2-B292-5585B2E518EE}"
EndProject
Global
	GlobalSection(SolutionConfigurationPlatforms) = preSolution
		Debug|Any CPU = Debug|Any CPU
		Release|Any CPU = Release|Any CPU
	EndGlobalSection
	GlobalSection(ProjectConfigurationPlatforms) = postSolution
		{73FA6FE3-8379-458F-BDEA-2ED56B33AE6F}.Debug|Any CPU.ActiveCfg = Debug|Any CPU
		{73FA6FE3-8379-458F-BDEA-2ED56B33AE6F}.Debug|Any CPU.Build.0 = Debug|Any CPU
		{73FA6FE3-8379-458F-BDEA-2ED56B33AE6F}.Release|Any CPU.ActiveCfg = Release|Any CPU
		{73FA6FE3-8379-458F-BDEA-2ED56B33AE6F}.Release|Any CPU.Build.0 = Release|Any CPU
		{5F932DA4-A2BA-4915-BCB7-BB6BA2A03544}.Debug|Any CPU.ActiveCfg = Debug|Any CPU
		{5F932DA4-A2BA-4915-BCB7-BB6BA2A03544}.Debug|Any CPU.Build.0 = Debug|Any CPU
		{5F932DA4-A2BA-4915-BCB7-BB6BA2A03544}.Release|Any CPU.ActiveCfg = Release|Any CPU
		{5F932DA4-A2BA-4915-BCB7-BB6BA2A03544}.Release|Any CPU.Build.0 = Release|Any CPU
		{30287CDD-57E3-4728-B76B-E062362BF355}.Debug|Any CPU.ActiveCfg = Debug|Any CPU
		{30287CDD-57E3-4728-B76B-E062362BF355}.Debug|Any CPU.Build.0 = Debug|Any CPU
		{30287CDD-57E3-4728-B76B-E062362BF355}.Release|Any CPU.ActiveCfg = Release|Any CPU
		{30287CDD-57E3-4728-B76B-E062362BF355}.Release|Any CPU.Build.0 = Release|Any CPU
		{B4B832F8-275F-44C5-BDA6-2CB1CDED2F8D}.Debug|Any CPU.ActiveCfg = Debug|Any CPU
		{B4B832F8-275F-44C5-BDA6-2CB1CDED2F8D}.Debug|Any CPU.Build.0 = Debug|Any CPU
		{B4B832F8-275F-44C5-BDA6-2CB1CDED2F8D}.Release|Any CPU.ActiveCfg = Release|Any CPU
		{B4B832F8-275F-44C5-BDA6-2CB1CDED2F8D}.Release|Any CPU.Build.0 = Release|Any CPU
		{684CB780-43FF-40B9-A680-E74DA3C73FAE}.Debug|Any CPU.ActiveCfg = Debug|Any CPU
		{684CB780-43FF-40B9-A680-E74DA3C73FAE}.Debug|Any CPU.Build.0 = Debug|Any CPU
		{684CB780-43FF-40B9-A680-E74DA3C73FAE}.Release|Any CPU.ActiveCfg = Release|Any CPU
		{684CB780-43FF-40B9-A680-E74DA3C73FAE}.Release|Any CPU.Build.0 = Release|Any CPU
		{1550D5B2-7D5F-46AF-84BE-99193C9926D5}.Debug|Any CPU.ActiveCfg = Debug|Any CPU
		{1550D5B2-7D5F-46AF-84BE-99193C9926D5}.Debug|Any CPU.Build.0 = Debug|Any CPU
		{1550D5B2-7D5F-46AF-84BE-99193C9926D5}.Release|Any CPU.ActiveCfg = Release|Any CPU
		{1550D5B2-7D5F-46AF-84BE-99193C9926D5}.Release|Any CPU.Build.0 = Release|Any CPU
		{85D333FD-A7C9-448E-93FD-E5177D46870E}.Debug|Any CPU.ActiveCfg = Debug|Any CPU
		{85D333FD-A7C9-448E-93FD-E5177D46870E}.Debug|Any CPU.Build.0 = Debug|Any CPU
		{85D333FD-A7C9-448E-93FD-E5177D46870E}.Release|Any CPU.ActiveCfg = Release|Any CPU
		{85D333FD-A7C9-448E-93FD-E5177D46870E}.Release|Any CPU.Build.0 = Release|Any CPU
		{9543D4EB-9447-4CEF-8822-BB1B68DF0C10}.Debug|Any CPU.ActiveCfg = Debug|Any CPU
		{9543D4EB-9447-4CEF-8822-BB1B68DF0C10}.Debug|Any CPU.Build.0 = Debug|Any CPU
		{9543D4EB-9447-4CEF-8822-BB1B68DF0C10}.Release|Any CPU.ActiveCfg = Release|Any CPU
		{9543D4EB-9447-4CEF-8822-BB1B68DF0C10}.Release|Any CPU.Build.0 = Release|Any CPU
		{FE102F4F-F027-4B19-A00E-365345FC6ED9}.Debug|Any CPU.ActiveCfg = Debug|Any CPU
		{FE102F4F-F027-4B19-A00E-365345FC6ED9}.Debug|Any CPU.Build.0 = Debug|Any CPU
		{FE102F4F-F027-4B19-A00E-365345FC6ED9}.Release|Any CPU.ActiveCfg = Release|Any CPU
		{FE102F4F-F027-4B19-A00E-365345FC6ED9}.Release|Any CPU.Build.0 = Release|Any CPU
		{D985DAA2-0314-41F2-B5FC-842471F24BCF}.Debug|Any CPU.ActiveCfg = Debug|Any CPU
		{D985DAA2-0314-41F2-B5FC-842471F24BCF}.Debug|Any CPU.Build.0 = Debug|Any CPU
		{D985DAA2-0314-41F2-B5FC-842471F24BCF}.Release|Any CPU.ActiveCfg = Release|Any CPU
		{D985DAA2-0314-41F2-B5FC-842471F24BCF}.Release|Any CPU.Build.0 = Release|Any CPU
		{F3FA2602-897C-4FE4-9FAF-8553CD6C4E52}.Debug|Any CPU.ActiveCfg = Debug|Any CPU
		{F3FA2602-897C-4FE4-9FAF-8553CD6C4E52}.Debug|Any CPU.Build.0 = Debug|Any CPU
		{F3FA2602-897C-4FE4-9FAF-8553CD6C4E52}.Release|Any CPU.ActiveCfg = Release|Any CPU
		{F3FA2602-897C-4FE4-9FAF-8553CD6C4E52}.Release|Any CPU.Build.0 = Release|Any CPU
		{0D6A34D0-7834-4F4E-8A17-6B7230491425}.Debug|Any CPU.ActiveCfg = Debug|Any CPU
		{0D6A34D0-7834-4F4E-8A17-6B7230491425}.Debug|Any CPU.Build.0 = Debug|Any CPU
		{0D6A34D0-7834-4F4E-8A17-6B7230491425}.Release|Any CPU.ActiveCfg = Release|Any CPU
		{0D6A34D0-7834-4F4E-8A17-6B7230491425}.Release|Any CPU.Build.0 = Release|Any CPU
		{FD5F3C8E-32C6-4E63-8A46-8A6A483EC8E4}.Debug|Any CPU.ActiveCfg = Debug|Any CPU
		{FD5F3C8E-32C6-4E63-8A46-8A6A483EC8E4}.Debug|Any CPU.Build.0 = Debug|Any CPU
		{FD5F3C8E-32C6-4E63-8A46-8A6A483EC8E4}.Release|Any CPU.ActiveCfg = Release|Any CPU
		{FD5F3C8E-32C6-4E63-8A46-8A6A483EC8E4}.Release|Any CPU.Build.0 = Release|Any CPU
		{EE2DB22B-E6C5-4A1B-B206-172B969F6B87}.Debug|Any CPU.ActiveCfg = Debug|Any CPU
		{EE2DB22B-E6C5-4A1B-B206-172B969F6B87}.Debug|Any CPU.Build.0 = Debug|Any CPU
		{EE2DB22B-E6C5-4A1B-B206-172B969F6B87}.Release|Any CPU.ActiveCfg = Release|Any CPU
		{EE2DB22B-E6C5-4A1B-B206-172B969F6B87}.Release|Any CPU.Build.0 = Release|Any CPU
		{F8FDA579-ED21-49AB-A459-438F9B06EE06}.Debug|Any CPU.ActiveCfg = Debug|Any CPU
		{F8FDA579-ED21-49AB-A459-438F9B06EE06}.Debug|Any CPU.Build.0 = Debug|Any CPU
		{F8FDA579-ED21-49AB-A459-438F9B06EE06}.Release|Any CPU.ActiveCfg = Release|Any CPU
		{F8FDA579-ED21-49AB-A459-438F9B06EE06}.Release|Any CPU.Build.0 = Release|Any CPU
		{37686204-EE48-4148-BB9A-EB61F9D46D2E}.Debug|Any CPU.ActiveCfg = Debug|Any CPU
		{37686204-EE48-4148-BB9A-EB61F9D46D2E}.Debug|Any CPU.Build.0 = Debug|Any CPU
		{37686204-EE48-4148-BB9A-EB61F9D46D2E}.Release|Any CPU.ActiveCfg = Release|Any CPU
		{37686204-EE48-4148-BB9A-EB61F9D46D2E}.Release|Any CPU.Build.0 = Release|Any CPU
		{FC497C05-8925-4CE6-A7C9-F0BEB779A242}.Debug|Any CPU.ActiveCfg = Debug|Any CPU
		{FC497C05-8925-4CE6-A7C9-F0BEB779A242}.Debug|Any CPU.Build.0 = Debug|Any CPU
		{FC497C05-8925-4CE6-A7C9-F0BEB779A242}.Release|Any CPU.ActiveCfg = Release|Any CPU
		{FC497C05-8925-4CE6-A7C9-F0BEB779A242}.Release|Any CPU.Build.0 = Release|Any CPU
		{3BFD6A7D-C7D6-4B02-9441-4098D837EE33}.Debug|Any CPU.ActiveCfg = Debug|Any CPU
		{3BFD6A7D-C7D6-4B02-9441-4098D837EE33}.Debug|Any CPU.Build.0 = Debug|Any CPU
		{3BFD6A7D-C7D6-4B02-9441-4098D837EE33}.Release|Any CPU.ActiveCfg = Release|Any CPU
		{3BFD6A7D-C7D6-4B02-9441-4098D837EE33}.Release|Any CPU.Build.0 = Release|Any CPU
		{14BA5AA0-13AC-4A3D-A79E-C8355D914DA1}.Debug|Any CPU.ActiveCfg = Debug|Any CPU
		{14BA5AA0-13AC-4A3D-A79E-C8355D914DA1}.Debug|Any CPU.Build.0 = Debug|Any CPU
		{14BA5AA0-13AC-4A3D-A79E-C8355D914DA1}.Release|Any CPU.ActiveCfg = Release|Any CPU
		{14BA5AA0-13AC-4A3D-A79E-C8355D914DA1}.Release|Any CPU.Build.0 = Release|Any CPU
		{DBA65A99-2C6E-4095-ACBF-A7676AAE57AB}.Debug|Any CPU.ActiveCfg = Debug|Any CPU
		{DBA65A99-2C6E-4095-ACBF-A7676AAE57AB}.Debug|Any CPU.Build.0 = Debug|Any CPU
		{DBA65A99-2C6E-4095-ACBF-A7676AAE57AB}.Release|Any CPU.ActiveCfg = Release|Any CPU
		{DBA65A99-2C6E-4095-ACBF-A7676AAE57AB}.Release|Any CPU.Build.0 = Release|Any CPU
		{20B5E705-5DD7-44C9-938A-42830F877247}.Debug|Any CPU.ActiveCfg = Debug|Any CPU
		{20B5E705-5DD7-44C9-938A-42830F877247}.Debug|Any CPU.Build.0 = Debug|Any CPU
		{20B5E705-5DD7-44C9-938A-42830F877247}.Release|Any CPU.ActiveCfg = Release|Any CPU
		{20B5E705-5DD7-44C9-938A-42830F877247}.Release|Any CPU.Build.0 = Release|Any CPU
		{50007210-B116-4E0C-A766-26D6436F429F}.Debug|Any CPU.ActiveCfg = Debug|Any CPU
		{50007210-B116-4E0C-A766-26D6436F429F}.Debug|Any CPU.Build.0 = Debug|Any CPU
		{50007210-B116-4E0C-A766-26D6436F429F}.Release|Any CPU.ActiveCfg = Release|Any CPU
		{50007210-B116-4E0C-A766-26D6436F429F}.Release|Any CPU.Build.0 = Release|Any CPU
		{9D5E79F1-E96D-431F-B999-3C9B22A3693B}.Debug|Any CPU.ActiveCfg = Debug|Any CPU
		{9D5E79F1-E96D-431F-B999-3C9B22A3693B}.Debug|Any CPU.Build.0 = Debug|Any CPU
		{9D5E79F1-E96D-431F-B999-3C9B22A3693B}.Release|Any CPU.ActiveCfg = Release|Any CPU
		{9D5E79F1-E96D-431F-B999-3C9B22A3693B}.Release|Any CPU.Build.0 = Release|Any CPU
		{AF7B1083-6CCE-4155-90CE-E5B3227FD1CA}.Debug|Any CPU.ActiveCfg = Debug|Any CPU
		{AF7B1083-6CCE-4155-90CE-E5B3227FD1CA}.Debug|Any CPU.Build.0 = Debug|Any CPU
		{AF7B1083-6CCE-4155-90CE-E5B3227FD1CA}.Release|Any CPU.ActiveCfg = Release|Any CPU
		{AF7B1083-6CCE-4155-90CE-E5B3227FD1CA}.Release|Any CPU.Build.0 = Release|Any CPU
		{459C635C-1DD4-4C65-B116-8CB740269D97}.Debug|Any CPU.ActiveCfg = Debug|Any CPU
		{459C635C-1DD4-4C65-B116-8CB740269D97}.Debug|Any CPU.Build.0 = Debug|Any CPU
		{459C635C-1DD4-4C65-B116-8CB740269D97}.Release|Any CPU.ActiveCfg = Release|Any CPU
		{459C635C-1DD4-4C65-B116-8CB740269D97}.Release|Any CPU.Build.0 = Release|Any CPU
		{95EECABF-6727-4E97-BF20-A2B2C7A3F51B}.Debug|Any CPU.ActiveCfg = Debug|Any CPU
		{95EECABF-6727-4E97-BF20-A2B2C7A3F51B}.Debug|Any CPU.Build.0 = Debug|Any CPU
		{95EECABF-6727-4E97-BF20-A2B2C7A3F51B}.Release|Any CPU.ActiveCfg = Release|Any CPU
		{95EECABF-6727-4E97-BF20-A2B2C7A3F51B}.Release|Any CPU.Build.0 = Release|Any CPU
		{BE2EF58B-37DD-4731-A3D0-EEC1616B19DD}.Debug|Any CPU.ActiveCfg = Debug|Any CPU
		{BE2EF58B-37DD-4731-A3D0-EEC1616B19DD}.Debug|Any CPU.Build.0 = Debug|Any CPU
		{BE2EF58B-37DD-4731-A3D0-EEC1616B19DD}.Release|Any CPU.ActiveCfg = Release|Any CPU
		{BE2EF58B-37DD-4731-A3D0-EEC1616B19DD}.Release|Any CPU.Build.0 = Release|Any CPU
		{4CEAE8E8-797A-4E33-9DD4-2DFF033AABC7}.Debug|Any CPU.ActiveCfg = Debug|Any CPU
		{4CEAE8E8-797A-4E33-9DD4-2DFF033AABC7}.Debug|Any CPU.Build.0 = Debug|Any CPU
		{4CEAE8E8-797A-4E33-9DD4-2DFF033AABC7}.Release|Any CPU.ActiveCfg = Release|Any CPU
		{4CEAE8E8-797A-4E33-9DD4-2DFF033AABC7}.Release|Any CPU.Build.0 = Release|Any CPU
		{5B197664-3BA4-407F-8FF0-0A75994C6A15}.Debug|Any CPU.ActiveCfg = Debug|Any CPU
		{5B197664-3BA4-407F-8FF0-0A75994C6A15}.Debug|Any CPU.Build.0 = Debug|Any CPU
		{5B197664-3BA4-407F-8FF0-0A75994C6A15}.Release|Any CPU.ActiveCfg = Release|Any CPU
		{5B197664-3BA4-407F-8FF0-0A75994C6A15}.Release|Any CPU.Build.0 = Release|Any CPU
		{43257349-81B8-4F78-B9B0-51A0FB52973F}.Debug|Any CPU.ActiveCfg = Debug|Any CPU
		{43257349-81B8-4F78-B9B0-51A0FB52973F}.Debug|Any CPU.Build.0 = Debug|Any CPU
		{43257349-81B8-4F78-B9B0-51A0FB52973F}.Release|Any CPU.ActiveCfg = Release|Any CPU
		{43257349-81B8-4F78-B9B0-51A0FB52973F}.Release|Any CPU.Build.0 = Release|Any CPU
		{A7CCD95B-02FE-48B8-8D43-557864F9D6E5}.Debug|Any CPU.ActiveCfg = Debug|Any CPU
		{A7CCD95B-02FE-48B8-8D43-557864F9D6E5}.Debug|Any CPU.Build.0 = Debug|Any CPU
		{A7CCD95B-02FE-48B8-8D43-557864F9D6E5}.Release|Any CPU.ActiveCfg = Release|Any CPU
		{A7CCD95B-02FE-48B8-8D43-557864F9D6E5}.Release|Any CPU.Build.0 = Release|Any CPU
		{F02ED3C0-965D-4E86-AC6C-204D4D01599F}.Debug|Any CPU.ActiveCfg = Debug|Any CPU
		{F02ED3C0-965D-4E86-AC6C-204D4D01599F}.Debug|Any CPU.Build.0 = Debug|Any CPU
		{F02ED3C0-965D-4E86-AC6C-204D4D01599F}.Release|Any CPU.ActiveCfg = Release|Any CPU
		{F02ED3C0-965D-4E86-AC6C-204D4D01599F}.Release|Any CPU.Build.0 = Release|Any CPU
		{C6198CAF-F257-4CFD-8A13-D0C646284B25}.Debug|Any CPU.ActiveCfg = Debug|Any CPU
		{C6198CAF-F257-4CFD-8A13-D0C646284B25}.Debug|Any CPU.Build.0 = Debug|Any CPU
		{C6198CAF-F257-4CFD-8A13-D0C646284B25}.Release|Any CPU.ActiveCfg = Release|Any CPU
		{C6198CAF-F257-4CFD-8A13-D0C646284B25}.Release|Any CPU.Build.0 = Release|Any CPU
		{BA62A02C-249C-4A23-83FA-7F395A5F42FB}.Debug|Any CPU.ActiveCfg = Debug|Any CPU
		{BA62A02C-249C-4A23-83FA-7F395A5F42FB}.Debug|Any CPU.Build.0 = Debug|Any CPU
		{BA62A02C-249C-4A23-83FA-7F395A5F42FB}.Release|Any CPU.ActiveCfg = Release|Any CPU
		{BA62A02C-249C-4A23-83FA-7F395A5F42FB}.Release|Any CPU.Build.0 = Release|Any CPU
		{A2097D91-E68F-4650-A271-B5AA65D365CB}.Debug|Any CPU.ActiveCfg = Debug|Any CPU
		{A2097D91-E68F-4650-A271-B5AA65D365CB}.Debug|Any CPU.Build.0 = Debug|Any CPU
		{A2097D91-E68F-4650-A271-B5AA65D365CB}.Release|Any CPU.ActiveCfg = Release|Any CPU
		{A2097D91-E68F-4650-A271-B5AA65D365CB}.Release|Any CPU.Build.0 = Release|Any CPU
		{DCBC2BCE-AD21-47FC-B707-24DEC3098ED0}.Debug|Any CPU.ActiveCfg = Debug|Any CPU
		{DCBC2BCE-AD21-47FC-B707-24DEC3098ED0}.Debug|Any CPU.Build.0 = Debug|Any CPU
		{DCBC2BCE-AD21-47FC-B707-24DEC3098ED0}.Release|Any CPU.ActiveCfg = Release|Any CPU
		{DCBC2BCE-AD21-47FC-B707-24DEC3098ED0}.Release|Any CPU.Build.0 = Release|Any CPU
		{D80947EB-783A-42FE-8D8E-7B12D895E522}.Debug|Any CPU.ActiveCfg = Debug|Any CPU
		{D80947EB-783A-42FE-8D8E-7B12D895E522}.Debug|Any CPU.Build.0 = Debug|Any CPU
		{D80947EB-783A-42FE-8D8E-7B12D895E522}.Release|Any CPU.ActiveCfg = Release|Any CPU
		{D80947EB-783A-42FE-8D8E-7B12D895E522}.Release|Any CPU.Build.0 = Release|Any CPU
		{2BAE8912-1B0D-4E0A-BA73-59DE896999E8}.Debug|Any CPU.ActiveCfg = Debug|Any CPU
		{2BAE8912-1B0D-4E0A-BA73-59DE896999E8}.Debug|Any CPU.Build.0 = Debug|Any CPU
		{2BAE8912-1B0D-4E0A-BA73-59DE896999E8}.Release|Any CPU.ActiveCfg = Release|Any CPU
		{2BAE8912-1B0D-4E0A-BA73-59DE896999E8}.Release|Any CPU.Build.0 = Release|Any CPU
		{5DCE72B7-3229-4D95-B738-D0725EA0D583}.Debug|Any CPU.ActiveCfg = Debug|Any CPU
		{5DCE72B7-3229-4D95-B738-D0725EA0D583}.Debug|Any CPU.Build.0 = Debug|Any CPU
		{5DCE72B7-3229-4D95-B738-D0725EA0D583}.Release|Any CPU.ActiveCfg = Release|Any CPU
		{5DCE72B7-3229-4D95-B738-D0725EA0D583}.Release|Any CPU.Build.0 = Release|Any CPU
		{7A863BD0-4453-44C7-847F-232E54919686}.Debug|Any CPU.ActiveCfg = Debug|Any CPU
		{7A863BD0-4453-44C7-847F-232E54919686}.Debug|Any CPU.Build.0 = Debug|Any CPU
		{7A863BD0-4453-44C7-847F-232E54919686}.Release|Any CPU.ActiveCfg = Release|Any CPU
		{7A863BD0-4453-44C7-847F-232E54919686}.Release|Any CPU.Build.0 = Release|Any CPU
		{55CEAF54-8C75-4AE2-B292-5585B2E518EE}.Debug|Any CPU.ActiveCfg = Debug|Any CPU
		{55CEAF54-8C75-4AE2-B292-5585B2E518EE}.Debug|Any CPU.Build.0 = Debug|Any CPU
		{55CEAF54-8C75-4AE2-B292-5585B2E518EE}.Release|Any CPU.ActiveCfg = Release|Any CPU
		{55CEAF54-8C75-4AE2-B292-5585B2E518EE}.Release|Any CPU.Build.0 = Release|Any CPU
	EndGlobalSection
	GlobalSection(SolutionProperties) = preSolution
		HideSolutionNode = FALSE
	EndGlobalSection
	GlobalSection(NestedProjects) = preSolution
		{73FA6FE3-8379-458F-BDEA-2ED56B33AE6F} = {8837E99C-CE37-4B52-A4AE-709F96BEE638}
		{5F932DA4-A2BA-4915-BCB7-BB6BA2A03544} = {8837E99C-CE37-4B52-A4AE-709F96BEE638}
		{30287CDD-57E3-4728-B76B-E062362BF355} = {430BF466-B6EC-4631-BB7B-852891A4142A}
		{B4B832F8-275F-44C5-BDA6-2CB1CDED2F8D} = {430BF466-B6EC-4631-BB7B-852891A4142A}
		{684CB780-43FF-40B9-A680-E74DA3C73FAE} = {430BF466-B6EC-4631-BB7B-852891A4142A}
		{1550D5B2-7D5F-46AF-84BE-99193C9926D5} = {430BF466-B6EC-4631-BB7B-852891A4142A}
		{85D333FD-A7C9-448E-93FD-E5177D46870E} = {196BF91D-0F86-417B-8BBF-E46159D3F230}
		{9543D4EB-9447-4CEF-8822-BB1B68DF0C10} = {B3B97C0E-DEB3-44A3-99BD-93DA86DE28A2}
		{FE102F4F-F027-4B19-A00E-365345FC6ED9} = {B3B97C0E-DEB3-44A3-99BD-93DA86DE28A2}
		{D985DAA2-0314-41F2-B5FC-842471F24BCF} = {174B1DEF-C812-4367-AC88-B49CDC973D30}
		{F3FA2602-897C-4FE4-9FAF-8553CD6C4E52} = {2F4E767E-902E-4F85-AB24-0F55003613AC}
		{0D6A34D0-7834-4F4E-8A17-6B7230491425} = {637779AE-F8B2-4632-9F8A-0455557955C4}
		{FD5F3C8E-32C6-4E63-8A46-8A6A483EC8E4} = {F6F55AFA-4DE1-4A34-BA9F-60C834F9BAB7}
		{EE2DB22B-E6C5-4A1B-B206-172B969F6B87} = {B578A3EB-4869-4E9C-8FEC-D975DA8FBA47}
		{F8FDA579-ED21-49AB-A459-438F9B06EE06} = {ADB7A1A7-C367-4821-B947-D969ADEB6C1D}
		{37686204-EE48-4148-BB9A-EB61F9D46D2E} = {D49379E7-C397-4C51-A329-F97B81FE2879}
		{FC497C05-8925-4CE6-A7C9-F0BEB779A242} = {F7FF6CAE-FE62-43EF-858D-C87E003505E5}
		{3BFD6A7D-C7D6-4B02-9441-4098D837EE33} = {67E99CC7-8C77-4071-927A-0762B4D3C0A8}
		{14BA5AA0-13AC-4A3D-A79E-C8355D914DA1} = {61F7A1A2-E52D-4048-A602-8A32EB9021B2}
		{DBA65A99-2C6E-4095-ACBF-A7676AAE57AB} = {89061580-97F0-46E5-BBB1-041E84702770}
		{20B5E705-5DD7-44C9-938A-42830F877247} = {174B1DEF-C812-4367-AC88-B49CDC973D30}
		{50007210-B116-4E0C-A766-26D6436F429F} = {637779AE-F8B2-4632-9F8A-0455557955C4}
		{9D5E79F1-E96D-431F-B999-3C9B22A3693B} = {637779AE-F8B2-4632-9F8A-0455557955C4}
		{AF7B1083-6CCE-4155-90CE-E5B3227FD1CA} = {F6F55AFA-4DE1-4A34-BA9F-60C834F9BAB7}
		{459C635C-1DD4-4C65-B116-8CB740269D97} = {F6F55AFA-4DE1-4A34-BA9F-60C834F9BAB7}
		{95EECABF-6727-4E97-BF20-A2B2C7A3F51B} = {F6F55AFA-4DE1-4A34-BA9F-60C834F9BAB7}
		{BE2EF58B-37DD-4731-A3D0-EEC1616B19DD} = {F6F55AFA-4DE1-4A34-BA9F-60C834F9BAB7}
		{4CEAE8E8-797A-4E33-9DD4-2DFF033AABC7} = {B578A3EB-4869-4E9C-8FEC-D975DA8FBA47}
		{5B197664-3BA4-407F-8FF0-0A75994C6A15} = {B578A3EB-4869-4E9C-8FEC-D975DA8FBA47}
		{43257349-81B8-4F78-B9B0-51A0FB52973F} = {ADB7A1A7-C367-4821-B947-D969ADEB6C1D}
		{A7CCD95B-02FE-48B8-8D43-557864F9D6E5} = {ADB7A1A7-C367-4821-B947-D969ADEB6C1D}
		{F02ED3C0-965D-4E86-AC6C-204D4D01599F} = {ADB7A1A7-C367-4821-B947-D969ADEB6C1D}
		{C6198CAF-F257-4CFD-8A13-D0C646284B25} = {D49379E7-C397-4C51-A329-F97B81FE2879}
		{BA62A02C-249C-4A23-83FA-7F395A5F42FB} = {D49379E7-C397-4C51-A329-F97B81FE2879}
		{A2097D91-E68F-4650-A271-B5AA65D365CB} = {F7FF6CAE-FE62-43EF-858D-C87E003505E5}
		{DCBC2BCE-AD21-47FC-B707-24DEC3098ED0} = {61F7A1A2-E52D-4048-A602-8A32EB9021B2}
		{D80947EB-783A-42FE-8D8E-7B12D895E522} = {89061580-97F0-46E5-BBB1-041E84702770}
		{2BAE8912-1B0D-4E0A-BA73-59DE896999E8} = {89061580-97F0-46E5-BBB1-041E84702770}
		{5DCE72B7-3229-4D95-B738-D0725EA0D583} = {A217650D-524D-4F67-B4FC-660E57C5CB1B}
		{7A863BD0-4453-44C7-847F-232E54919686} = {E4FF18E5-D600-4176-99B6-015AC48C7B77}
		{55CEAF54-8C75-4AE2-B292-5585B2E518EE} = {8A397D8D-C930-4381-99F8-778E7A8E2101}
	EndGlobalSection
	GlobalSection(ExtensibilityGlobals) = postSolution
		SolutionGuid = {DB977632-C3F3-469D-BBEB-1FB17A8F215B}
	EndGlobalSection
EndGlobal
